
Microsoft Visual Studio Solution File, Format Version 12.00
# Visual Studio Version 17
VisualStudioVersion = 17.12.35707.178
MinimumVisualStudioVersion = 10.0.40219.1
Project("{FAE04EC0-301F-11D3-BF4B-00C04F79EFBC}") = "DigitalProducts", "DigitalProducts\DigitalProducts.csproj", "{23D5D054-ECB2-4FEE-A79F-95B57D6B06CB}"
EndProject
Project("{FAE04EC0-301F-11D3-BF4B-00C04F79EFBC}") = "DigitalProducts.Infra", "DigitalProducts.Infra\DigitalProducts.Infra.csproj", "{2F8AC246-3FB4-49C6-B8B5-77F3053B2AEA}"
EndProject
Project("{FAE04EC0-301F-11D3-BF4B-00C04F79EFBC}") = "DigitalProducts.Domain", "DigitalProducts.Domain\DigitalProducts.Domain.csproj", "{3879F01B-72A6-41D3-94AB-B58D7BD87B6B}"
EndProject
Project("{FAE04EC0-301F-11D3-BF4B-00C04F79EFBC}") = "DigitalProducts.Application", "DigitalProducts.Application\DigitalProducts.Application.csproj", "{159252FA-244D-426E-ACE8-9D848C227E9A}"
EndProject
Project("{FAE04EC0-301F-11D3-BF4B-00C04F79EFBC}") = "DigitalProducts.Tests", "DigitalProducts.Tests\DigitalProducts.Tests.csproj", "{22DBFF1D-44E3-40E0-B227-135A29D03D7C}"
EndProject
Project("{FAE04EC0-301F-11D3-BF4B-00C04F79EFBC}") = "DigitalProducts.Shared", "DigitalProducts.Shared\DigitalProducts.Shared.csproj", "{E46FC242-5A99-484C-B460-0728B1F476F5}"
EndProject
Global
	GlobalSection(SolutionConfigurationPlatforms) = preSolution
		Debug|Any CPU = Debug|Any CPU
		Release|Any CPU = Release|Any CPU
	EndGlobalSection
	GlobalSection(ProjectConfigurationPlatforms) = postSolution
		{23D5D054-ECB2-4FEE-A79F-95B57D6B06CB}.Debug|Any CPU.ActiveCfg = Debug|Any CPU
		{23D5D054-ECB2-4FEE-A79F-95B57D6B06CB}.Debug|Any CPU.Build.0 = Debug|Any CPU
		{23D5D054-ECB2-4FEE-A79F-95B57D6B06CB}.Release|Any CPU.ActiveCfg = Release|Any CPU
		{23D5D054-ECB2-4FEE-A79F-95B57D6B06CB}.Release|Any CPU.Build.0 = Release|Any CPU
		{2F8AC246-3FB4-49C6-B8B5-77F3053B2AEA}.Debug|Any CPU.ActiveCfg = Debug|Any CPU
		{2F8AC246-3FB4-49C6-B8B5-77F3053B2AEA}.Debug|Any CPU.Build.0 = Debug|Any CPU
		{2F8AC246-3FB4-49C6-B8B5-77F3053B2AEA}.Release|Any CPU.ActiveCfg = Release|Any CPU
		{2F8AC246-3FB4-49C6-B8B5-77F3053B2AEA}.Release|Any CPU.Build.0 = Release|Any CPU
		{3879F01B-72A6-41D3-94AB-B58D7BD87B6B}.Debug|Any CPU.ActiveCfg = Debug|Any CPU
		{3879F01B-72A6-41D3-94AB-B58D7BD87B6B}.Debug|Any CPU.Build.0 = Debug|Any CPU
		{3879F01B-72A6-41D3-94AB-B58D7BD87B6B}.Release|Any CPU.ActiveCfg = Release|Any CPU
		{3879F01B-72A6-41D3-94AB-B58D7BD87B6B}.Release|Any CPU.Build.0 = Release|Any CPU
		{159252FA-244D-426E-ACE8-9D848C227E9A}.Debug|Any CPU.ActiveCfg = Debug|Any CPU
		{159252FA-244D-426E-ACE8-9D848C227E9A}.Debug|Any CPU.Build.0 = Debug|Any CPU
		{159252FA-244D-426E-ACE8-9D848C227E9A}.Release|Any CPU.ActiveCfg = Release|Any CPU
		{159252FA-244D-426E-ACE8-9D848C227E9A}.Release|Any CPU.Build.0 = Release|Any CPU
		{22DBFF1D-44E3-40E0-B227-135A29D03D7C}.Debug|Any CPU.ActiveCfg = Debug|Any CPU
		{22DBFF1D-44E3-40E0-B227-135A29D03D7C}.Debug|Any CPU.Build.0 = Debug|Any CPU
		{22DBFF1D-44E3-40E0-B227-135A29D03D7C}.Release|Any CPU.ActiveCfg = Release|Any CPU
		{22DBFF1D-44E3-40E0-B227-135A29D03D7C}.Release|Any CPU.Build.0 = Release|Any CPU
		{E46FC242-5A99-484C-B460-0728B1F476F5}.Debug|Any CPU.ActiveCfg = Debug|Any CPU
		{E46FC242-5A99-484C-B460-0728B1F476F5}.Debug|Any CPU.Build.0 = Debug|Any CPU
		{E46FC242-5A99-484C-B460-0728B1F476F5}.Release|Any CPU.ActiveCfg = Release|Any CPU
		{E46FC242-5A99-484C-B460-0728B1F476F5}.Release|Any CPU.Build.0 = Release|Any CPU
	EndGlobalSection
	GlobalSection(SolutionProperties) = preSolution
		HideSolutionNode = FALSE
	EndGlobalSection
EndGlobal
